
Microsoft Visual Studio Solution File, Format Version 12.00
# Visual Studio Version 17
VisualStudioVersion = 17.10.35013.160
MinimumVisualStudioVersion = 10.0.40219.1
Project("{9A19103F-16F7-4668-BE54-9A1E7A4F7556}") = "Portal2.pll", "Portal2.pll\Portal2.pll.csproj", "{C6C35080-4C72-472E-9BBB-85A4149C638A}"
EndProject
Project("{9A19103F-16F7-4668-BE54-9A1E7A4F7556}") = "Portal2.DAl", "Portal2.DAl\Portal2.DAl.csproj", "{6BA0DD9F-9845-446E-B6C9-834A1A4A537C}"
EndProject
Project("{9A19103F-16F7-4668-BE54-9A1E7A4F7556}") = "Portal2.BLL", "Portal2.BLL\Portal2.BLL.csproj", "{1C79F05A-1698-4201-BB67-5861574BE4B0}"
EndProject
Global
	GlobalSection(SolutionConfigurationPlatforms) = preSolution
		Debug|Any CPU = Debug|Any CPU
		Release|Any CPU = Release|Any CPU
	EndGlobalSection
	GlobalSection(ProjectConfigurationPlatforms) = postSolution
		{C6C35080-4C72-472E-9BBB-85A4149C638A}.Debug|Any CPU.ActiveCfg = Debug|Any CPU
		{C6C35080-4C72-472E-9BBB-85A4149C638A}.Debug|Any CPU.Build.0 = Debug|Any CPU
		{C6C35080-4C72-472E-9BBB-85A4149C638A}.Release|Any CPU.ActiveCfg = Release|Any CPU
		{C6C35080-4C72-472E-9BBB-85A4149C638A}.Release|Any CPU.Build.0 = Release|Any CPU
		{6BA0DD9F-9845-446E-B6C9-834A1A4A537C}.Debug|Any CPU.ActiveCfg = Debug|Any CPU
		{6BA0DD9F-9845-446E-B6C9-834A1A4A537C}.Debug|Any CPU.Build.0 = Debug|Any CPU
		{6BA0DD9F-9845-446E-B6C9-834A1A4A537C}.Release|Any CPU.ActiveCfg = Release|Any CPU
		{6BA0DD9F-9845-446E-B6C9-834A1A4A537C}.Release|Any CPU.Build.0 = Release|Any CPU
		{1C79F05A-1698-4201-BB67-5861574BE4B0}.Debug|Any CPU.ActiveCfg = Debug|Any CPU
		{1C79F05A-1698-4201-BB67-5861574BE4B0}.Debug|Any CPU.Build.0 = Debug|Any CPU
		{1C79F05A-1698-4201-BB67-5861574BE4B0}.Release|Any CPU.ActiveCfg = Release|Any CPU
		{1C79F05A-1698-4201-BB67-5861574BE4B0}.Release|Any CPU.Build.0 = Release|Any CPU
	EndGlobalSection
	GlobalSection(SolutionProperties) = preSolution
		HideSolutionNode = FALSE
	EndGlobalSection
	GlobalSection(ExtensibilityGlobals) = postSolution
		SolutionGuid = {150409A9-E073-4BDB-89EC-F7976E78E682}
	EndGlobalSection
EndGlobal
